// !$*UTF8*$!
{
	archiveVersion = 1;
	classes = {
	};
	objectVersion = 56;
	objects = {

/* Begin PBXBuildFile section */
		748150262BBADA1400C2EDB5 /* CounterReducer.swift in Sources */ = {isa = PBXBuildFile; fileRef = 748150252BBADA1400C2EDB5 /* CounterReducer.swift */; };
		7481502A2BBAE51800C2EDB5 /* HomeView.swift in Sources */ = {isa = PBXBuildFile; fileRef = 748150292BBAE51800C2EDB5 /* HomeView.swift */; };
		7481502C2BBAE52B00C2EDB5 /* HomeReducer.swift in Sources */ = {isa = PBXBuildFile; fileRef = 7481502B2BBAE52B00C2EDB5 /* HomeReducer.swift */; };
		7481502F2BBAE61000C2EDB5 /* ComposableArchitecture in Frameworks */ = {isa = PBXBuildFile; productRef = 7481502E2BBAE61000C2EDB5 /* ComposableArchitecture */; };
		74AD43302BBAD49400AA7F5E /* CounterView.swift in Sources */ = {isa = PBXBuildFile; fileRef = 74AD432F2BBAD49400AA7F5E /* CounterView.swift */; };
		74B9865A2BBACC510072E8F1 /* WhitePandaApp.swift in Sources */ = {isa = PBXBuildFile; fileRef = 74B986592BBACC510072E8F1 /* WhitePandaApp.swift */; };
		74B9865C2BBACC510072E8F1 /* ContentView.swift in Sources */ = {isa = PBXBuildFile; fileRef = 74B9865B2BBACC510072E8F1 /* ContentView.swift */; };
		74B9865E2BBACC530072E8F1 /* Assets.xcassets in Resources */ = {isa = PBXBuildFile; fileRef = 74B9865D2BBACC530072E8F1 /* Assets.xcassets */; };
		74B986612BBACC530072E8F1 /* Preview Assets.xcassets in Resources */ = {isa = PBXBuildFile; fileRef = 74B986602BBACC530072E8F1 /* Preview Assets.xcassets */; };
		74B9866B2BBACC530072E8F1 /* WhitePandaTests.swift in Sources */ = {isa = PBXBuildFile; fileRef = 74B9866A2BBACC530072E8F1 /* WhitePandaTests.swift */; };
		74B986752BBACC530072E8F1 /* WhitePandaUITests.swift in Sources */ = {isa = PBXBuildFile; fileRef = 74B986742BBACC530072E8F1 /* WhitePandaUITests.swift */; };
		74B986772BBACC530072E8F1 /* WhitePandaUITestsLaunchTests.swift in Sources */ = {isa = PBXBuildFile; fileRef = 74B986762BBACC530072E8F1 /* WhitePandaUITestsLaunchTests.swift */; };
		74B9867D2BBACC530072E8F1 /* WhitePanda Watch App.app in Embed Watch Content */ = {isa = PBXBuildFile; fileRef = 74B9867C2BBACC530072E8F1 /* WhitePanda Watch App.app */; settings = {ATTRIBUTES = (RemoveHeadersOnCopy, ); }; };
		74B986822BBACC530072E8F1 /* WhitePandaApp.swift in Sources */ = {isa = PBXBuildFile; fileRef = 74B986812BBACC530072E8F1 /* WhitePandaApp.swift */; };
		74B986862BBACC540072E8F1 /* Assets.xcassets in Resources */ = {isa = PBXBuildFile; fileRef = 74B986852BBACC540072E8F1 /* Assets.xcassets */; };
		74B986892BBACC540072E8F1 /* Preview Assets.xcassets in Resources */ = {isa = PBXBuildFile; fileRef = 74B986882BBACC540072E8F1 /* Preview Assets.xcassets */; };
		74B986932BBACC540072E8F1 /* WhitePanda_Watch_AppTests.swift in Sources */ = {isa = PBXBuildFile; fileRef = 74B986922BBACC540072E8F1 /* WhitePanda_Watch_AppTests.swift */; };
		74B9869D2BBACC540072E8F1 /* WhitePanda_Watch_AppUITests.swift in Sources */ = {isa = PBXBuildFile; fileRef = 74B9869C2BBACC540072E8F1 /* WhitePanda_Watch_AppUITests.swift */; };
		74B9869F2BBACC540072E8F1 /* WhitePanda_Watch_AppUITestsLaunchTests.swift in Sources */ = {isa = PBXBuildFile; fileRef = 74B9869E2BBACC540072E8F1 /* WhitePanda_Watch_AppUITestsLaunchTests.swift */; };
		74B986B72BBAD12C0072E8F1 /* ComposableArchitecture in Frameworks */ = {isa = PBXBuildFile; productRef = 74B986B62BBAD12C0072E8F1 /* ComposableArchitecture */; };
/* End PBXBuildFile section */

/* Begin PBXContainerItemProxy section */
		74B986672BBACC530072E8F1 /* PBXContainerItemProxy */ = {
			isa = PBXContainerItemProxy;
			containerPortal = 74B9864E2BBACC510072E8F1 /* Project object */;
			proxyType = 1;
			remoteGlobalIDString = 74B986552BBACC510072E8F1;
			remoteInfo = WhitePanda;
		};
		74B986712BBACC530072E8F1 /* PBXContainerItemProxy */ = {
			isa = PBXContainerItemProxy;
			containerPortal = 74B9864E2BBACC510072E8F1 /* Project object */;
			proxyType = 1;
			remoteGlobalIDString = 74B986552BBACC510072E8F1;
			remoteInfo = WhitePanda;
		};
		74B9867E2BBACC530072E8F1 /* PBXContainerItemProxy */ = {
			isa = PBXContainerItemProxy;
			containerPortal = 74B9864E2BBACC510072E8F1 /* Project object */;
			proxyType = 1;
			remoteGlobalIDString = 74B9867B2BBACC530072E8F1;
			remoteInfo = "WhitePanda Watch App";
		};
		74B9868F2BBACC540072E8F1 /* PBXContainerItemProxy */ = {
			isa = PBXContainerItemProxy;
			containerPortal = 74B9864E2BBACC510072E8F1 /* Project object */;
			proxyType = 1;
			remoteGlobalIDString = 74B9867B2BBACC530072E8F1;
			remoteInfo = "WhitePanda Watch App";
		};
		74B986992BBACC540072E8F1 /* PBXContainerItemProxy */ = {
			isa = PBXContainerItemProxy;
			containerPortal = 74B9864E2BBACC510072E8F1 /* Project object */;
			proxyType = 1;
			remoteGlobalIDString = 74B9867B2BBACC530072E8F1;
			remoteInfo = "WhitePanda Watch App";
		};
/* End PBXContainerItemProxy section */

/* Begin PBXCopyFilesBuildPhase section */
		74B986A52BBACC540072E8F1 /* Embed Watch Content */ = {
			isa = PBXCopyFilesBuildPhase;
			buildActionMask = 2147483647;
			dstPath = "$(CONTENTS_FOLDER_PATH)/Watch";
			dstSubfolderSpec = 16;
			files = (
				74B9867D2BBACC530072E8F1 /* WhitePanda Watch App.app in Embed Watch Content */,
			);
			name = "Embed Watch Content";
			runOnlyForDeploymentPostprocessing = 0;
		};
/* End PBXCopyFilesBuildPhase section */

/* Begin PBXFileReference section */
		748150252BBADA1400C2EDB5 /* CounterReducer.swift */ = {isa = PBXFileReference; lastKnownFileType = sourcecode.swift; path = CounterReducer.swift; sourceTree = "<group>"; };
		748150292BBAE51800C2EDB5 /* HomeView.swift */ = {isa = PBXFileReference; lastKnownFileType = sourcecode.swift; path = HomeView.swift; sourceTree = "<group>"; };
		7481502B2BBAE52B00C2EDB5 /* HomeReducer.swift */ = {isa = PBXFileReference; lastKnownFileType = sourcecode.swift; path = HomeReducer.swift; sourceTree = "<group>"; };
		74AD432F2BBAD49400AA7F5E /* CounterView.swift */ = {isa = PBXFileReference; lastKnownFileType = sourcecode.swift; path = CounterView.swift; sourceTree = "<group>"; };
		74B986562BBACC510072E8F1 /* WhitePanda.app */ = {isa = PBXFileReference; explicitFileType = wrapper.application; includeInIndex = 0; path = WhitePanda.app; sourceTree = BUILT_PRODUCTS_DIR; };
		74B986592BBACC510072E8F1 /* WhitePandaApp.swift */ = {isa = PBXFileReference; lastKnownFileType = sourcecode.swift; path = WhitePandaApp.swift; sourceTree = "<group>"; };
		74B9865B2BBACC510072E8F1 /* ContentView.swift */ = {isa = PBXFileReference; lastKnownFileType = sourcecode.swift; path = ContentView.swift; sourceTree = "<group>"; };
		74B9865D2BBACC530072E8F1 /* Assets.xcassets */ = {isa = PBXFileReference; lastKnownFileType = folder.assetcatalog; path = Assets.xcassets; sourceTree = "<group>"; };
		74B986602BBACC530072E8F1 /* Preview Assets.xcassets */ = {isa = PBXFileReference; lastKnownFileType = folder.assetcatalog; path = "Preview Assets.xcassets"; sourceTree = "<group>"; };
		74B986662BBACC530072E8F1 /* WhitePandaTests.xctest */ = {isa = PBXFileReference; explicitFileType = wrapper.cfbundle; includeInIndex = 0; path = WhitePandaTests.xctest; sourceTree = BUILT_PRODUCTS_DIR; };
		74B9866A2BBACC530072E8F1 /* WhitePandaTests.swift */ = {isa = PBXFileReference; lastKnownFileType = sourcecode.swift; path = WhitePandaTests.swift; sourceTree = "<group>"; };
		74B986702BBACC530072E8F1 /* WhitePandaUITests.xctest */ = {isa = PBXFileReference; explicitFileType = wrapper.cfbundle; includeInIndex = 0; path = WhitePandaUITests.xctest; sourceTree = BUILT_PRODUCTS_DIR; };
		74B986742BBACC530072E8F1 /* WhitePandaUITests.swift */ = {isa = PBXFileReference; lastKnownFileType = sourcecode.swift; path = WhitePandaUITests.swift; sourceTree = "<group>"; };
		74B986762BBACC530072E8F1 /* WhitePandaUITestsLaunchTests.swift */ = {isa = PBXFileReference; lastKnownFileType = sourcecode.swift; path = WhitePandaUITestsLaunchTests.swift; sourceTree = "<group>"; };
		74B9867C2BBACC530072E8F1 /* WhitePanda Watch App.app */ = {isa = PBXFileReference; explicitFileType = wrapper.application; includeInIndex = 0; path = "WhitePanda Watch App.app"; sourceTree = BUILT_PRODUCTS_DIR; };
		74B986812BBACC530072E8F1 /* WhitePandaApp.swift */ = {isa = PBXFileReference; lastKnownFileType = sourcecode.swift; path = WhitePandaApp.swift; sourceTree = "<group>"; };
		74B986852BBACC540072E8F1 /* Assets.xcassets */ = {isa = PBXFileReference; lastKnownFileType = folder.assetcatalog; path = Assets.xcassets; sourceTree = "<group>"; };
		74B986882BBACC540072E8F1 /* Preview Assets.xcassets */ = {isa = PBXFileReference; lastKnownFileType = folder.assetcatalog; path = "Preview Assets.xcassets"; sourceTree = "<group>"; };
		74B9868E2BBACC540072E8F1 /* WhitePanda Watch AppTests.xctest */ = {isa = PBXFileReference; explicitFileType = wrapper.cfbundle; includeInIndex = 0; path = "WhitePanda Watch AppTests.xctest"; sourceTree = BUILT_PRODUCTS_DIR; };
		74B986922BBACC540072E8F1 /* WhitePanda_Watch_AppTests.swift */ = {isa = PBXFileReference; lastKnownFileType = sourcecode.swift; path = WhitePanda_Watch_AppTests.swift; sourceTree = "<group>"; };
		74B986982BBACC540072E8F1 /* WhitePanda Watch AppUITests.xctest */ = {isa = PBXFileReference; explicitFileType = wrapper.cfbundle; includeInIndex = 0; path = "WhitePanda Watch AppUITests.xctest"; sourceTree = BUILT_PRODUCTS_DIR; };
		74B9869C2BBACC540072E8F1 /* WhitePanda_Watch_AppUITests.swift */ = {isa = PBXFileReference; lastKnownFileType = sourcecode.swift; path = WhitePanda_Watch_AppUITests.swift; sourceTree = "<group>"; };
		74B9869E2BBACC540072E8F1 /* WhitePanda_Watch_AppUITestsLaunchTests.swift */ = {isa = PBXFileReference; lastKnownFileType = sourcecode.swift; path = WhitePanda_Watch_AppUITestsLaunchTests.swift; sourceTree = "<group>"; };
/* End PBXFileReference section */

/* Begin PBXFrameworksBuildPhase section */
		74B986532BBACC510072E8F1 /* Frameworks */ = {
			isa = PBXFrameworksBuildPhase;
			buildActionMask = 2147483647;
			files = (
				7481502F2BBAE61000C2EDB5 /* ComposableArchitecture in Frameworks */,
			);
			runOnlyForDeploymentPostprocessing = 0;
		};
		74B986632BBACC530072E8F1 /* Frameworks */ = {
			isa = PBXFrameworksBuildPhase;
			buildActionMask = 2147483647;
			files = (
			);
			runOnlyForDeploymentPostprocessing = 0;
		};
		74B9866D2BBACC530072E8F1 /* Frameworks */ = {
			isa = PBXFrameworksBuildPhase;
			buildActionMask = 2147483647;
			files = (
			);
			runOnlyForDeploymentPostprocessing = 0;
		};
		74B986792BBACC530072E8F1 /* Frameworks */ = {
			isa = PBXFrameworksBuildPhase;
			buildActionMask = 2147483647;
			files = (
				74B986B72BBAD12C0072E8F1 /* ComposableArchitecture in Frameworks */,
			);
			runOnlyForDeploymentPostprocessing = 0;
		};
		74B9868B2BBACC540072E8F1 /* Frameworks */ = {
			isa = PBXFrameworksBuildPhase;
			buildActionMask = 2147483647;
			files = (
			);
			runOnlyForDeploymentPostprocessing = 0;
		};
		74B986952BBACC540072E8F1 /* Frameworks */ = {
			isa = PBXFrameworksBuildPhase;
			buildActionMask = 2147483647;
			files = (
			);
			runOnlyForDeploymentPostprocessing = 0;
		};
/* End PBXFrameworksBuildPhase section */

/* Begin PBXGroup section */
		748150272BBAE4E600C2EDB5 /* Scenes */ = {
			isa = PBXGroup;
			children = (
				748150282BBAE50C00C2EDB5 /* Home */,
			);
			path = Scenes;
			sourceTree = "<group>";
		};
		748150282BBAE50C00C2EDB5 /* Home */ = {
			isa = PBXGroup;
			children = (
				748150292BBAE51800C2EDB5 /* HomeView.swift */,
				7481502B2BBAE52B00C2EDB5 /* HomeReducer.swift */,
			);
			path = Home;
			sourceTree = "<group>";
		};
		7481502D2BBAE61000C2EDB5 /* Frameworks */ = {
			isa = PBXGroup;
			children = (
			);
			name = Frameworks;
			sourceTree = "<group>";
		};
		74AD432D2BBAD47300AA7F5E /* Scenes */ = {
			isa = PBXGroup;
			children = (
				74AD432E2BBAD48500AA7F5E /* Counter */,
			);
			path = Scenes;
			sourceTree = "<group>";
		};
		74AD432E2BBAD48500AA7F5E /* Counter */ = {
			isa = PBXGroup;
			children = (
				74AD432F2BBAD49400AA7F5E /* CounterView.swift */,
				748150252BBADA1400C2EDB5 /* CounterReducer.swift */,
			);
			path = Counter;
			sourceTree = "<group>";
		};
		74B9864D2BBACC510072E8F1 = {
			isa = PBXGroup;
			children = (
				74B986582BBACC510072E8F1 /* WhitePanda */,
				74B986692BBACC530072E8F1 /* WhitePandaTests */,
				74B986732BBACC530072E8F1 /* WhitePandaUITests */,
				74B986802BBACC530072E8F1 /* WhitePanda Watch App */,
				74B986912BBACC540072E8F1 /* WhitePanda Watch AppTests */,
				74B9869B2BBACC540072E8F1 /* WhitePanda Watch AppUITests */,
				74B986572BBACC510072E8F1 /* Products */,
				7481502D2BBAE61000C2EDB5 /* Frameworks */,
			);
			sourceTree = "<group>";
		};
		74B986572BBACC510072E8F1 /* Products */ = {
			isa = PBXGroup;
			children = (
				74B986562BBACC510072E8F1 /* WhitePanda.app */,
				74B986662BBACC530072E8F1 /* WhitePandaTests.xctest */,
				74B986702BBACC530072E8F1 /* WhitePandaUITests.xctest */,
				74B9867C2BBACC530072E8F1 /* WhitePanda Watch App.app */,
				74B9868E2BBACC540072E8F1 /* WhitePanda Watch AppTests.xctest */,
				74B986982BBACC540072E8F1 /* WhitePanda Watch AppUITests.xctest */,
			);
			name = Products;
			sourceTree = "<group>";
		};
		74B986582BBACC510072E8F1 /* WhitePanda */ = {
			isa = PBXGroup;
			children = (
				74B986592BBACC510072E8F1 /* WhitePandaApp.swift */,
				74B9865B2BBACC510072E8F1 /* ContentView.swift */,
				748150272BBAE4E600C2EDB5 /* Scenes */,
				74B9865D2BBACC530072E8F1 /* Assets.xcassets */,
				74B9865F2BBACC530072E8F1 /* Preview Content */,
			);
			path = WhitePanda;
			sourceTree = "<group>";
		};
		74B9865F2BBACC530072E8F1 /* Preview Content */ = {
			isa = PBXGroup;
			children = (
				74B986602BBACC530072E8F1 /* Preview Assets.xcassets */,
			);
			path = "Preview Content";
			sourceTree = "<group>";
		};
		74B986692BBACC530072E8F1 /* WhitePandaTests */ = {
			isa = PBXGroup;
			children = (
				74B9866A2BBACC530072E8F1 /* WhitePandaTests.swift */,
			);
			path = WhitePandaTests;
			sourceTree = "<group>";
		};
		74B986732BBACC530072E8F1 /* WhitePandaUITests */ = {
			isa = PBXGroup;
			children = (
				74B986742BBACC530072E8F1 /* WhitePandaUITests.swift */,
				74B986762BBACC530072E8F1 /* WhitePandaUITestsLaunchTests.swift */,
			);
			path = WhitePandaUITests;
			sourceTree = "<group>";
		};
		74B986802BBACC530072E8F1 /* WhitePanda Watch App */ = {
			isa = PBXGroup;
			children = (
				74B986812BBACC530072E8F1 /* WhitePandaApp.swift */,
				74AD432D2BBAD47300AA7F5E /* Scenes */,
				74B986852BBACC540072E8F1 /* Assets.xcassets */,
				74B986872BBACC540072E8F1 /* Preview Content */,
			);
			path = "WhitePanda Watch App";
			sourceTree = "<group>";
		};
		74B986872BBACC540072E8F1 /* Preview Content */ = {
			isa = PBXGroup;
			children = (
				74B986882BBACC540072E8F1 /* Preview Assets.xcassets */,
			);
			path = "Preview Content";
			sourceTree = "<group>";
		};
		74B986912BBACC540072E8F1 /* WhitePanda Watch AppTests */ = {
			isa = PBXGroup;
			children = (
				74B986922BBACC540072E8F1 /* WhitePanda_Watch_AppTests.swift */,
			);
			path = "WhitePanda Watch AppTests";
			sourceTree = "<group>";
		};
		74B9869B2BBACC540072E8F1 /* WhitePanda Watch AppUITests */ = {
			isa = PBXGroup;
			children = (
				74B9869C2BBACC540072E8F1 /* WhitePanda_Watch_AppUITests.swift */,
				74B9869E2BBACC540072E8F1 /* WhitePanda_Watch_AppUITestsLaunchTests.swift */,
			);
			path = "WhitePanda Watch AppUITests";
			sourceTree = "<group>";
		};
/* End PBXGroup section */

/* Begin PBXNativeTarget section */
		74B986552BBACC510072E8F1 /* WhitePanda */ = {
			isa = PBXNativeTarget;
			buildConfigurationList = 74B986A62BBACC540072E8F1 /* Build configuration list for PBXNativeTarget "WhitePanda" */;
			buildPhases = (
				74B986522BBACC510072E8F1 /* Sources */,
				74B986532BBACC510072E8F1 /* Frameworks */,
				74B986542BBACC510072E8F1 /* Resources */,
				74B986A52BBACC540072E8F1 /* Embed Watch Content */,
			);
			buildRules = (
			);
			dependencies = (
				74B9867F2BBACC530072E8F1 /* PBXTargetDependency */,
			);
			name = WhitePanda;
			packageProductDependencies = (
				7481502E2BBAE61000C2EDB5 /* ComposableArchitecture */,
			);
			productName = WhitePanda;
			productReference = 74B986562BBACC510072E8F1 /* WhitePanda.app */;
			productType = "com.apple.product-type.application";
		};
		74B986652BBACC530072E8F1 /* WhitePandaTests */ = {
			isa = PBXNativeTarget;
			buildConfigurationList = 74B986A92BBACC540072E8F1 /* Build configuration list for PBXNativeTarget "WhitePandaTests" */;
			buildPhases = (
				74B986622BBACC530072E8F1 /* Sources */,
				74B986632BBACC530072E8F1 /* Frameworks */,
				74B986642BBACC530072E8F1 /* Resources */,
			);
			buildRules = (
			);
			dependencies = (
				74B986682BBACC530072E8F1 /* PBXTargetDependency */,
			);
			name = WhitePandaTests;
			productName = WhitePandaTests;
			productReference = 74B986662BBACC530072E8F1 /* WhitePandaTests.xctest */;
			productType = "com.apple.product-type.bundle.unit-test";
		};
		74B9866F2BBACC530072E8F1 /* WhitePandaUITests */ = {
			isa = PBXNativeTarget;
			buildConfigurationList = 74B986AC2BBACC540072E8F1 /* Build configuration list for PBXNativeTarget "WhitePandaUITests" */;
			buildPhases = (
				74B9866C2BBACC530072E8F1 /* Sources */,
				74B9866D2BBACC530072E8F1 /* Frameworks */,
				74B9866E2BBACC530072E8F1 /* Resources */,
			);
			buildRules = (
			);
			dependencies = (
				74B986722BBACC530072E8F1 /* PBXTargetDependency */,
			);
			name = WhitePandaUITests;
			productName = WhitePandaUITests;
			productReference = 74B986702BBACC530072E8F1 /* WhitePandaUITests.xctest */;
			productType = "com.apple.product-type.bundle.ui-testing";
		};
		74B9867B2BBACC530072E8F1 /* WhitePanda Watch App */ = {
			isa = PBXNativeTarget;
			buildConfigurationList = 74B986A22BBACC540072E8F1 /* Build configuration list for PBXNativeTarget "WhitePanda Watch App" */;
			buildPhases = (
				74B986782BBACC530072E8F1 /* Sources */,
				74B986792BBACC530072E8F1 /* Frameworks */,
				74B9867A2BBACC530072E8F1 /* Resources */,
			);
			buildRules = (
			);
			dependencies = (
			);
			name = "WhitePanda Watch App";
			packageProductDependencies = (
				74B986B62BBAD12C0072E8F1 /* ComposableArchitecture */,
			);
			productName = "WhitePanda Watch App";
			productReference = 74B9867C2BBACC530072E8F1 /* WhitePanda Watch App.app */;
			productType = "com.apple.product-type.application";
		};
		74B9868D2BBACC540072E8F1 /* WhitePanda Watch AppTests */ = {
			isa = PBXNativeTarget;
			buildConfigurationList = 74B986AF2BBACC540072E8F1 /* Build configuration list for PBXNativeTarget "WhitePanda Watch AppTests" */;
			buildPhases = (
				74B9868A2BBACC540072E8F1 /* Sources */,
				74B9868B2BBACC540072E8F1 /* Frameworks */,
				74B9868C2BBACC540072E8F1 /* Resources */,
			);
			buildRules = (
			);
			dependencies = (
				74B986902BBACC540072E8F1 /* PBXTargetDependency */,
			);
			name = "WhitePanda Watch AppTests";
			productName = "WhitePanda Watch AppTests";
			productReference = 74B9868E2BBACC540072E8F1 /* WhitePanda Watch AppTests.xctest */;
			productType = "com.apple.product-type.bundle.unit-test";
		};
		74B986972BBACC540072E8F1 /* WhitePanda Watch AppUITests */ = {
			isa = PBXNativeTarget;
			buildConfigurationList = 74B986B22BBACC540072E8F1 /* Build configuration list for PBXNativeTarget "WhitePanda Watch AppUITests" */;
			buildPhases = (
				74B986942BBACC540072E8F1 /* Sources */,
				74B986952BBACC540072E8F1 /* Frameworks */,
				74B986962BBACC540072E8F1 /* Resources */,
			);
			buildRules = (
			);
			dependencies = (
				74B9869A2BBACC540072E8F1 /* PBXTargetDependency */,
			);
			name = "WhitePanda Watch AppUITests";
			productName = "WhitePanda Watch AppUITests";
			productReference = 74B986982BBACC540072E8F1 /* WhitePanda Watch AppUITests.xctest */;
			productType = "com.apple.product-type.bundle.ui-testing";
		};
/* End PBXNativeTarget section */

/* Begin PBXProject section */
		74B9864E2BBACC510072E8F1 /* Project object */ = {
			isa = PBXProject;
			attributes = {
				BuildIndependentTargetsInParallel = 1;
				LastSwiftUpdateCheck = 1530;
				LastUpgradeCheck = 1530;
				TargetAttributes = {
					74B986552BBACC510072E8F1 = {
						CreatedOnToolsVersion = 15.3;
					};
					74B986652BBACC530072E8F1 = {
						CreatedOnToolsVersion = 15.3;
						TestTargetID = 74B986552BBACC510072E8F1;
					};
					74B9866F2BBACC530072E8F1 = {
						CreatedOnToolsVersion = 15.3;
						TestTargetID = 74B986552BBACC510072E8F1;
					};
					74B9867B2BBACC530072E8F1 = {
						CreatedOnToolsVersion = 15.3;
					};
					74B9868D2BBACC540072E8F1 = {
						CreatedOnToolsVersion = 15.3;
						TestTargetID = 74B9867B2BBACC530072E8F1;
					};
					74B986972BBACC540072E8F1 = {
						CreatedOnToolsVersion = 15.3;
						TestTargetID = 74B9867B2BBACC530072E8F1;
					};
				};
			};
			buildConfigurationList = 74B986512BBACC510072E8F1 /* Build configuration list for PBXProject "WhitePanda" */;
			compatibilityVersion = "Xcode 14.0";
			developmentRegion = en;
			hasScannedForEncodings = 0;
			knownRegions = (
				en,
				Base,
			);
			mainGroup = 74B9864D2BBACC510072E8F1;
			packageReferences = (
				74B986B52BBAD12C0072E8F1 /* XCRemoteSwiftPackageReference "swift-composable-architecture" */,
			);
			productRefGroup = 74B986572BBACC510072E8F1 /* Products */;
			projectDirPath = "";
			projectRoot = "";
			targets = (
				74B986552BBACC510072E8F1 /* WhitePanda */,
				74B986652BBACC530072E8F1 /* WhitePandaTests */,
				74B9866F2BBACC530072E8F1 /* WhitePandaUITests */,
				74B9867B2BBACC530072E8F1 /* WhitePanda Watch App */,
				74B9868D2BBACC540072E8F1 /* WhitePanda Watch AppTests */,
				74B986972BBACC540072E8F1 /* WhitePanda Watch AppUITests */,
			);
		};
/* End PBXProject section */

/* Begin PBXResourcesBuildPhase section */
		74B986542BBACC510072E8F1 /* Resources */ = {
			isa = PBXResourcesBuildPhase;
			buildActionMask = 2147483647;
			files = (
				74B986612BBACC530072E8F1 /* Preview Assets.xcassets in Resources */,
				74B9865E2BBACC530072E8F1 /* Assets.xcassets in Resources */,
			);
			runOnlyForDeploymentPostprocessing = 0;
		};
		74B986642BBACC530072E8F1 /* Resources */ = {
			isa = PBXResourcesBuildPhase;
			buildActionMask = 2147483647;
			files = (
			);
			runOnlyForDeploymentPostprocessing = 0;
		};
		74B9866E2BBACC530072E8F1 /* Resources */ = {
			isa = PBXResourcesBuildPhase;
			buildActionMask = 2147483647;
			files = (
			);
			runOnlyForDeploymentPostprocessing = 0;
		};
		74B9867A2BBACC530072E8F1 /* Resources */ = {
			isa = PBXResourcesBuildPhase;
			buildActionMask = 2147483647;
			files = (
				74B986892BBACC540072E8F1 /* Preview Assets.xcassets in Resources */,
				74B986862BBACC540072E8F1 /* Assets.xcassets in Resources */,
			);
			runOnlyForDeploymentPostprocessing = 0;
		};
		74B9868C2BBACC540072E8F1 /* Resources */ = {
			isa = PBXResourcesBuildPhase;
			buildActionMask = 2147483647;
			files = (
			);
			runOnlyForDeploymentPostprocessing = 0;
		};
		74B986962BBACC540072E8F1 /* Resources */ = {
			isa = PBXResourcesBuildPhase;
			buildActionMask = 2147483647;
			files = (
			);
			runOnlyForDeploymentPostprocessing = 0;
		};
/* End PBXResourcesBuildPhase section */

/* Begin PBXSourcesBuildPhase section */
		74B986522BBACC510072E8F1 /* Sources */ = {
			isa = PBXSourcesBuildPhase;
			buildActionMask = 2147483647;
			files = (
				7481502A2BBAE51800C2EDB5 /* HomeView.swift in Sources */,
				74B9865C2BBACC510072E8F1 /* ContentView.swift in Sources */,
				74B9865A2BBACC510072E8F1 /* WhitePandaApp.swift in Sources */,
				7481502C2BBAE52B00C2EDB5 /* HomeReducer.swift in Sources */,
			);
			runOnlyForDeploymentPostprocessing = 0;
		};
		74B986622BBACC530072E8F1 /* Sources */ = {
			isa = PBXSourcesBuildPhase;
			buildActionMask = 2147483647;
			files = (
				74B9866B2BBACC530072E8F1 /* WhitePandaTests.swift in Sources */,
			);
			runOnlyForDeploymentPostprocessing = 0;
		};
		74B9866C2BBACC530072E8F1 /* Sources */ = {
			isa = PBXSourcesBuildPhase;
			buildActionMask = 2147483647;
			files = (
				74B986752BBACC530072E8F1 /* WhitePandaUITests.swift in Sources */,
				74B986772BBACC530072E8F1 /* WhitePandaUITestsLaunchTests.swift in Sources */,
			);
			runOnlyForDeploymentPostprocessing = 0;
		};
		74B986782BBACC530072E8F1 /* Sources */ = {
			isa = PBXSourcesBuildPhase;
			buildActionMask = 2147483647;
			files = (
				74B986822BBACC530072E8F1 /* WhitePandaApp.swift in Sources */,
				748150262BBADA1400C2EDB5 /* CounterReducer.swift in Sources */,
				74AD43302BBAD49400AA7F5E /* CounterView.swift in Sources */,
			);
			runOnlyForDeploymentPostprocessing = 0;
		};
		74B9868A2BBACC540072E8F1 /* Sources */ = {
			isa = PBXSourcesBuildPhase;
			buildActionMask = 2147483647;
			files = (
				74B986932BBACC540072E8F1 /* WhitePanda_Watch_AppTests.swift in Sources */,
			);
			runOnlyForDeploymentPostprocessing = 0;
		};
		74B986942BBACC540072E8F1 /* Sources */ = {
			isa = PBXSourcesBuildPhase;
			buildActionMask = 2147483647;
			files = (
				74B9869D2BBACC540072E8F1 /* WhitePanda_Watch_AppUITests.swift in Sources */,
				74B9869F2BBACC540072E8F1 /* WhitePanda_Watch_AppUITestsLaunchTests.swift in Sources */,
			);
			runOnlyForDeploymentPostprocessing = 0;
		};
/* End PBXSourcesBuildPhase section */

/* Begin PBXTargetDependency section */
		74B986682BBACC530072E8F1 /* PBXTargetDependency */ = {
			isa = PBXTargetDependency;
			target = 74B986552BBACC510072E8F1 /* WhitePanda */;
			targetProxy = 74B986672BBACC530072E8F1 /* PBXContainerItemProxy */;
		};
		74B986722BBACC530072E8F1 /* PBXTargetDependency */ = {
			isa = PBXTargetDependency;
			target = 74B986552BBACC510072E8F1 /* WhitePanda */;
			targetProxy = 74B986712BBACC530072E8F1 /* PBXContainerItemProxy */;
		};
		74B9867F2BBACC530072E8F1 /* PBXTargetDependency */ = {
			isa = PBXTargetDependency;
			target = 74B9867B2BBACC530072E8F1 /* WhitePanda Watch App */;
			targetProxy = 74B9867E2BBACC530072E8F1 /* PBXContainerItemProxy */;
		};
		74B986902BBACC540072E8F1 /* PBXTargetDependency */ = {
			isa = PBXTargetDependency;
			target = 74B9867B2BBACC530072E8F1 /* WhitePanda Watch App */;
			targetProxy = 74B9868F2BBACC540072E8F1 /* PBXContainerItemProxy */;
		};
		74B9869A2BBACC540072E8F1 /* PBXTargetDependency */ = {
			isa = PBXTargetDependency;
			target = 74B9867B2BBACC530072E8F1 /* WhitePanda Watch App */;
			targetProxy = 74B986992BBACC540072E8F1 /* PBXContainerItemProxy */;
		};
/* End PBXTargetDependency section */

/* Begin XCBuildConfiguration section */
		74B986A02BBACC540072E8F1 /* Debug */ = {
			isa = XCBuildConfiguration;
			buildSettings = {
				ALWAYS_SEARCH_USER_PATHS = NO;
				ASSETCATALOG_COMPILER_GENERATE_SWIFT_ASSET_SYMBOL_EXTENSIONS = YES;
				CLANG_ANALYZER_NONNULL = YES;
				CLANG_ANALYZER_NUMBER_OBJECT_CONVERSION = YES_AGGRESSIVE;
				CLANG_CXX_LANGUAGE_STANDARD = "gnu++20";
				CLANG_ENABLE_MODULES = YES;
				CLANG_ENABLE_OBJC_ARC = YES;
				CLANG_ENABLE_OBJC_WEAK = YES;
				CLANG_WARN_BLOCK_CAPTURE_AUTORELEASING = YES;
				CLANG_WARN_BOOL_CONVERSION = YES;
				CLANG_WARN_COMMA = YES;
				CLANG_WARN_CONSTANT_CONVERSION = YES;
				CLANG_WARN_DEPRECATED_OBJC_IMPLEMENTATIONS = YES;
				CLANG_WARN_DIRECT_OBJC_ISA_USAGE = YES_ERROR;
				CLANG_WARN_DOCUMENTATION_COMMENTS = YES;
				CLANG_WARN_EMPTY_BODY = YES;
				CLANG_WARN_ENUM_CONVERSION = YES;
				CLANG_WARN_INFINITE_RECURSION = YES;
				CLANG_WARN_INT_CONVERSION = YES;
				CLANG_WARN_NON_LITERAL_NULL_CONVERSION = YES;
				CLANG_WARN_OBJC_IMPLICIT_RETAIN_SELF = YES;
				CLANG_WARN_OBJC_LITERAL_CONVERSION = YES;
				CLANG_WARN_OBJC_ROOT_CLASS = YES_ERROR;
				CLANG_WARN_QUOTED_INCLUDE_IN_FRAMEWORK_HEADER = YES;
				CLANG_WARN_RANGE_LOOP_ANALYSIS = YES;
				CLANG_WARN_STRICT_PROTOTYPES = YES;
				CLANG_WARN_SUSPICIOUS_MOVE = YES;
				CLANG_WARN_UNGUARDED_AVAILABILITY = YES_AGGRESSIVE;
				CLANG_WARN_UNREACHABLE_CODE = YES;
				CLANG_WARN__DUPLICATE_METHOD_MATCH = YES;
				COPY_PHASE_STRIP = NO;
				DEBUG_INFORMATION_FORMAT = dwarf;
				ENABLE_STRICT_OBJC_MSGSEND = YES;
				ENABLE_TESTABILITY = YES;
				ENABLE_USER_SCRIPT_SANDBOXING = YES;
				GCC_C_LANGUAGE_STANDARD = gnu17;
				GCC_DYNAMIC_NO_PIC = NO;
				GCC_NO_COMMON_BLOCKS = YES;
				GCC_OPTIMIZATION_LEVEL = 0;
				GCC_PREPROCESSOR_DEFINITIONS = (
					"DEBUG=1",
					"$(inherited)",
				);
				GCC_WARN_64_TO_32_BIT_CONVERSION = YES;
				GCC_WARN_ABOUT_RETURN_TYPE = YES_ERROR;
				GCC_WARN_UNDECLARED_SELECTOR = YES;
				GCC_WARN_UNINITIALIZED_AUTOS = YES_AGGRESSIVE;
				GCC_WARN_UNUSED_FUNCTION = YES;
				GCC_WARN_UNUSED_VARIABLE = YES;
				LOCALIZATION_PREFERS_STRING_CATALOGS = YES;
				MTL_ENABLE_DEBUG_INFO = INCLUDE_SOURCE;
				MTL_FAST_MATH = YES;
				ONLY_ACTIVE_ARCH = YES;
				SWIFT_ACTIVE_COMPILATION_CONDITIONS = "DEBUG $(inherited)";
				SWIFT_OPTIMIZATION_LEVEL = "-Onone";
			};
			name = Debug;
		};
		74B986A12BBACC540072E8F1 /* Release */ = {
			isa = XCBuildConfiguration;
			buildSettings = {
				ALWAYS_SEARCH_USER_PATHS = NO;
				ASSETCATALOG_COMPILER_GENERATE_SWIFT_ASSET_SYMBOL_EXTENSIONS = YES;
				CLANG_ANALYZER_NONNULL = YES;
				CLANG_ANALYZER_NUMBER_OBJECT_CONVERSION = YES_AGGRESSIVE;
				CLANG_CXX_LANGUAGE_STANDARD = "gnu++20";
				CLANG_ENABLE_MODULES = YES;
				CLANG_ENABLE_OBJC_ARC = YES;
				CLANG_ENABLE_OBJC_WEAK = YES;
				CLANG_WARN_BLOCK_CAPTURE_AUTORELEASING = YES;
				CLANG_WARN_BOOL_CONVERSION = YES;
				CLANG_WARN_COMMA = YES;
				CLANG_WARN_CONSTANT_CONVERSION = YES;
				CLANG_WARN_DEPRECATED_OBJC_IMPLEMENTATIONS = YES;
				CLANG_WARN_DIRECT_OBJC_ISA_USAGE = YES_ERROR;
				CLANG_WARN_DOCUMENTATION_COMMENTS = YES;
				CLANG_WARN_EMPTY_BODY = YES;
				CLANG_WARN_ENUM_CONVERSION = YES;
				CLANG_WARN_INFINITE_RECURSION = YES;
				CLANG_WARN_INT_CONVERSION = YES;
				CLANG_WARN_NON_LITERAL_NULL_CONVERSION = YES;
				CLANG_WARN_OBJC_IMPLICIT_RETAIN_SELF = YES;
				CLANG_WARN_OBJC_LITERAL_CONVERSION = YES;
				CLANG_WARN_OBJC_ROOT_CLASS = YES_ERROR;
				CLANG_WARN_QUOTED_INCLUDE_IN_FRAMEWORK_HEADER = YES;
				CLANG_WARN_RANGE_LOOP_ANALYSIS = YES;
				CLANG_WARN_STRICT_PROTOTYPES = YES;
				CLANG_WARN_SUSPICIOUS_MOVE = YES;
				CLANG_WARN_UNGUARDED_AVAILABILITY = YES_AGGRESSIVE;
				CLANG_WARN_UNREACHABLE_CODE = YES;
				CLANG_WARN__DUPLICATE_METHOD_MATCH = YES;
				COPY_PHASE_STRIP = NO;
				DEBUG_INFORMATION_FORMAT = "dwarf-with-dsym";
				ENABLE_NS_ASSERTIONS = NO;
				ENABLE_STRICT_OBJC_MSGSEND = YES;
				ENABLE_USER_SCRIPT_SANDBOXING = YES;
				GCC_C_LANGUAGE_STANDARD = gnu17;
				GCC_NO_COMMON_BLOCKS = YES;
				GCC_WARN_64_TO_32_BIT_CONVERSION = YES;
				GCC_WARN_ABOUT_RETURN_TYPE = YES_ERROR;
				GCC_WARN_UNDECLARED_SELECTOR = YES;
				GCC_WARN_UNINITIALIZED_AUTOS = YES_AGGRESSIVE;
				GCC_WARN_UNUSED_FUNCTION = YES;
				GCC_WARN_UNUSED_VARIABLE = YES;
				LOCALIZATION_PREFERS_STRING_CATALOGS = YES;
				MTL_ENABLE_DEBUG_INFO = NO;
				MTL_FAST_MATH = YES;
				SWIFT_COMPILATION_MODE = wholemodule;
			};
			name = Release;
		};
		74B986A32BBACC540072E8F1 /* Debug */ = {
			isa = XCBuildConfiguration;
			buildSettings = {
				ASSETCATALOG_COMPILER_APPICON_NAME = AppIcon;
				ASSETCATALOG_COMPILER_GLOBAL_ACCENT_COLOR_NAME = AccentColor;
				CODE_SIGN_STYLE = Automatic;
				CURRENT_PROJECT_VERSION = 1;
				DEVELOPMENT_ASSET_PATHS = "\"WhitePanda Watch App/Preview Content\"";
				DEVELOPMENT_TEAM = 56787CM63P;
				ENABLE_PREVIEWS = YES;
				GENERATE_INFOPLIST_FILE = YES;
				INFOPLIST_KEY_CFBundleDisplayName = WhitePanda;
				INFOPLIST_KEY_UISupportedInterfaceOrientations = "UIInterfaceOrientationPortrait UIInterfaceOrientationPortraitUpsideDown";
				INFOPLIST_KEY_WKCompanionAppBundleIdentifier = com.tosh7.WhitePanda;
				LD_RUNPATH_SEARCH_PATHS = (
					"$(inherited)",
					"@executable_path/Frameworks",
				);
				MARKETING_VERSION = 1.0;
				PRODUCT_BUNDLE_IDENTIFIER = com.tosh7.WhitePanda.watchkitapp;
				PRODUCT_NAME = "$(TARGET_NAME)";
				SDKROOT = watchos;
				SKIP_INSTALL = YES;
				SWIFT_EMIT_LOC_STRINGS = YES;
				SWIFT_VERSION = 5.0;
				TARGETED_DEVICE_FAMILY = 4;
				WATCHOS_DEPLOYMENT_TARGET = 10.4;
			};
			name = Debug;
		};
		74B986A42BBACC540072E8F1 /* Release */ = {
			isa = XCBuildConfiguration;
			buildSettings = {
				ASSETCATALOG_COMPILER_APPICON_NAME = AppIcon;
				ASSETCATALOG_COMPILER_GLOBAL_ACCENT_COLOR_NAME = AccentColor;
				CODE_SIGN_STYLE = Automatic;
				CURRENT_PROJECT_VERSION = 1;
				DEVELOPMENT_ASSET_PATHS = "\"WhitePanda Watch App/Preview Content\"";
				DEVELOPMENT_TEAM = 56787CM63P;
				ENABLE_PREVIEWS = YES;
				GENERATE_INFOPLIST_FILE = YES;
				INFOPLIST_KEY_CFBundleDisplayName = WhitePanda;
				INFOPLIST_KEY_UISupportedInterfaceOrientations = "UIInterfaceOrientationPortrait UIInterfaceOrientationPortraitUpsideDown";
				INFOPLIST_KEY_WKCompanionAppBundleIdentifier = com.tosh7.WhitePanda;
				LD_RUNPATH_SEARCH_PATHS = (
					"$(inherited)",
					"@executable_path/Frameworks",
				);
				MARKETING_VERSION = 1.0;
				PRODUCT_BUNDLE_IDENTIFIER = com.tosh7.WhitePanda.watchkitapp;
				PRODUCT_NAME = "$(TARGET_NAME)";
				SDKROOT = watchos;
				SKIP_INSTALL = YES;
				SWIFT_EMIT_LOC_STRINGS = YES;
				SWIFT_VERSION = 5.0;
				TARGETED_DEVICE_FAMILY = 4;
				VALIDATE_PRODUCT = YES;
				WATCHOS_DEPLOYMENT_TARGET = 10.4;
			};
			name = Release;
		};
		74B986A72BBACC540072E8F1 /* Debug */ = {
			isa = XCBuildConfiguration;
			buildSettings = {
				ALWAYS_EMBED_SWIFT_STANDARD_LIBRARIES = YES;
				ASSETCATALOG_COMPILER_APPICON_NAME = AppIcon;
				ASSETCATALOG_COMPILER_GLOBAL_ACCENT_COLOR_NAME = AccentColor;
				CODE_SIGN_STYLE = Automatic;
				CURRENT_PROJECT_VERSION = 1;
				DEVELOPMENT_ASSET_PATHS = "\"WhitePanda/Preview Content\"";
				DEVELOPMENT_TEAM = 56787CM63P;
				ENABLE_PREVIEWS = YES;
				GENERATE_INFOPLIST_FILE = YES;
				INFOPLIST_KEY_CFBundleDisplayName = WhitePanda;
				INFOPLIST_KEY_UIApplicationSceneManifest_Generation = YES;
				INFOPLIST_KEY_UIApplicationSupportsIndirectInputEvents = YES;
				INFOPLIST_KEY_UILaunchScreen_Generation = YES;
				INFOPLIST_KEY_UISupportedInterfaceOrientations = UIInterfaceOrientationPortrait;
				IPHONEOS_DEPLOYMENT_TARGET = 17.4;
				LD_RUNPATH_SEARCH_PATHS = (
					"$(inherited)",
					"@executable_path/Frameworks",
				);
				MARKETING_VERSION = 1.0;
				PRODUCT_BUNDLE_IDENTIFIER = com.tosh7.WhitePanda;
				PRODUCT_NAME = "$(TARGET_NAME)";
				SDKROOT = iphoneos;
				SWIFT_EMIT_LOC_STRINGS = YES;
				SWIFT_VERSION = 5.0;
				TARGETED_DEVICE_FAMILY = "1,2";
			};
			name = Debug;
		};
		74B986A82BBACC540072E8F1 /* Release */ = {
			isa = XCBuildConfiguration;
			buildSettings = {
				ALWAYS_EMBED_SWIFT_STANDARD_LIBRARIES = YES;
				ASSETCATALOG_COMPILER_APPICON_NAME = AppIcon;
				ASSETCATALOG_COMPILER_GLOBAL_ACCENT_COLOR_NAME = AccentColor;
				CODE_SIGN_STYLE = Automatic;
				CURRENT_PROJECT_VERSION = 1;
				DEVELOPMENT_ASSET_PATHS = "\"WhitePanda/Preview Content\"";
				DEVELOPMENT_TEAM = 56787CM63P;
				ENABLE_PREVIEWS = YES;
				GENERATE_INFOPLIST_FILE = YES;
				INFOPLIST_KEY_CFBundleDisplayName = WhitePanda;
				INFOPLIST_KEY_UIApplicationSceneManifest_Generation = YES;
				INFOPLIST_KEY_UIApplicationSupportsIndirectInputEvents = YES;
				INFOPLIST_KEY_UILaunchScreen_Generation = YES;
				INFOPLIST_KEY_UISupportedInterfaceOrientations = UIInterfaceOrientationPortrait;
				IPHONEOS_DEPLOYMENT_TARGET = 17.4;
				LD_RUNPATH_SEARCH_PATHS = (
					"$(inherited)",
					"@executable_path/Frameworks",
				);
				MARKETING_VERSION = 1.0;
				PRODUCT_BUNDLE_IDENTIFIER = com.tosh7.WhitePanda;
				PRODUCT_NAME = "$(TARGET_NAME)";
				SDKROOT = iphoneos;
				SWIFT_EMIT_LOC_STRINGS = YES;
				SWIFT_VERSION = 5.0;
				TARGETED_DEVICE_FAMILY = "1,2";
				VALIDATE_PRODUCT = YES;
			};
			name = Release;
		};
		74B986AA2BBACC540072E8F1 /* Debug */ = {
			isa = XCBuildConfiguration;
			buildSettings = {
				ALWAYS_EMBED_SWIFT_STANDARD_LIBRARIES = YES;
				BUNDLE_LOADER = "$(TEST_HOST)";
				CODE_SIGN_STYLE = Automatic;
				CURRENT_PROJECT_VERSION = 1;
				DEVELOPMENT_TEAM = 56787CM63P;
				GENERATE_INFOPLIST_FILE = YES;
				IPHONEOS_DEPLOYMENT_TARGET = 17.4;
				MARKETING_VERSION = 1.0;
				PRODUCT_BUNDLE_IDENTIFIER = com.tosh7.WhitePandaTests;
				PRODUCT_NAME = "$(TARGET_NAME)";
				SDKROOT = iphoneos;
				SWIFT_EMIT_LOC_STRINGS = NO;
				SWIFT_VERSION = 5.0;
				TARGETED_DEVICE_FAMILY = "1,2";
				TEST_HOST = "$(BUILT_PRODUCTS_DIR)/WhitePanda.app/$(BUNDLE_EXECUTABLE_FOLDER_PATH)/WhitePanda";
			};
			name = Debug;
		};
		74B986AB2BBACC540072E8F1 /* Release */ = {
			isa = XCBuildConfiguration;
			buildSettings = {
				ALWAYS_EMBED_SWIFT_STANDARD_LIBRARIES = YES;
				BUNDLE_LOADER = "$(TEST_HOST)";
				CODE_SIGN_STYLE = Automatic;
				CURRENT_PROJECT_VERSION = 1;
				DEVELOPMENT_TEAM = 56787CM63P;
				GENERATE_INFOPLIST_FILE = YES;
				IPHONEOS_DEPLOYMENT_TARGET = 17.4;
				MARKETING_VERSION = 1.0;
				PRODUCT_BUNDLE_IDENTIFIER = com.tosh7.WhitePandaTests;
				PRODUCT_NAME = "$(TARGET_NAME)";
				SDKROOT = iphoneos;
				SWIFT_EMIT_LOC_STRINGS = NO;
				SWIFT_VERSION = 5.0;
				TARGETED_DEVICE_FAMILY = "1,2";
				TEST_HOST = "$(BUILT_PRODUCTS_DIR)/WhitePanda.app/$(BUNDLE_EXECUTABLE_FOLDER_PATH)/WhitePanda";
				VALIDATE_PRODUCT = YES;
			};
			name = Release;
		};
		74B986AD2BBACC540072E8F1 /* Debug */ = {
			isa = XCBuildConfiguration;
			buildSettings = {
				ALWAYS_EMBED_SWIFT_STANDARD_LIBRARIES = YES;
				CODE_SIGN_STYLE = Automatic;
				CURRENT_PROJECT_VERSION = 1;
				DEVELOPMENT_TEAM = 56787CM63P;
				GENERATE_INFOPLIST_FILE = YES;
				IPHONEOS_DEPLOYMENT_TARGET = 17.4;
				MARKETING_VERSION = 1.0;
				PRODUCT_BUNDLE_IDENTIFIER = com.tosh7.WhitePandaUITests;
				PRODUCT_NAME = "$(TARGET_NAME)";
				SDKROOT = iphoneos;
				SWIFT_EMIT_LOC_STRINGS = NO;
				SWIFT_VERSION = 5.0;
				TARGETED_DEVICE_FAMILY = "1,2";
				TEST_TARGET_NAME = WhitePanda;
			};
			name = Debug;
		};
		74B986AE2BBACC540072E8F1 /* Release */ = {
			isa = XCBuildConfiguration;
			buildSettings = {
				ALWAYS_EMBED_SWIFT_STANDARD_LIBRARIES = YES;
				CODE_SIGN_STYLE = Automatic;
				CURRENT_PROJECT_VERSION = 1;
				DEVELOPMENT_TEAM = 56787CM63P;
				GENERATE_INFOPLIST_FILE = YES;
				IPHONEOS_DEPLOYMENT_TARGET = 17.4;
				MARKETING_VERSION = 1.0;
				PRODUCT_BUNDLE_IDENTIFIER = com.tosh7.WhitePandaUITests;
				PRODUCT_NAME = "$(TARGET_NAME)";
				SDKROOT = iphoneos;
				SWIFT_EMIT_LOC_STRINGS = NO;
				SWIFT_VERSION = 5.0;
				TARGETED_DEVICE_FAMILY = "1,2";
				TEST_TARGET_NAME = WhitePanda;
				VALIDATE_PRODUCT = YES;
			};
			name = Release;
		};
		74B986B02BBACC540072E8F1 /* Debug */ = {
			isa = XCBuildConfiguration;
			buildSettings = {
				ALWAYS_EMBED_SWIFT_STANDARD_LIBRARIES = YES;
				BUNDLE_LOADER = "$(TEST_HOST)";
				CODE_SIGN_STYLE = Automatic;
				CURRENT_PROJECT_VERSION = 1;
				DEVELOPMENT_TEAM = 56787CM63P;
				GENERATE_INFOPLIST_FILE = YES;
				MARKETING_VERSION = 1.0;
				PRODUCT_BUNDLE_IDENTIFIER = "com.tosh7.WhitePanda-Watch-AppTests";
				PRODUCT_NAME = "$(TARGET_NAME)";
				SDKROOT = watchos;
				SWIFT_EMIT_LOC_STRINGS = NO;
				SWIFT_VERSION = 5.0;
				TARGETED_DEVICE_FAMILY = 4;
				TEST_HOST = "$(BUILT_PRODUCTS_DIR)/WhitePanda Watch App.app/$(BUNDLE_EXECUTABLE_FOLDER_PATH)/WhitePanda Watch App";
				WATCHOS_DEPLOYMENT_TARGET = 10.4;
			};
			name = Debug;
		};
		74B986B12BBACC540072E8F1 /* Release */ = {
			isa = XCBuildConfiguration;
			buildSettings = {
				ALWAYS_EMBED_SWIFT_STANDARD_LIBRARIES = YES;
				BUNDLE_LOADER = "$(TEST_HOST)";
				CODE_SIGN_STYLE = Automatic;
				CURRENT_PROJECT_VERSION = 1;
				DEVELOPMENT_TEAM = 56787CM63P;
				GENERATE_INFOPLIST_FILE = YES;
				MARKETING_VERSION = 1.0;
				PRODUCT_BUNDLE_IDENTIFIER = "com.tosh7.WhitePanda-Watch-AppTests";
				PRODUCT_NAME = "$(TARGET_NAME)";
				SDKROOT = watchos;
				SWIFT_EMIT_LOC_STRINGS = NO;
				SWIFT_VERSION = 5.0;
				TARGETED_DEVICE_FAMILY = 4;
				TEST_HOST = "$(BUILT_PRODUCTS_DIR)/WhitePanda Watch App.app/$(BUNDLE_EXECUTABLE_FOLDER_PATH)/WhitePanda Watch App";
				VALIDATE_PRODUCT = YES;
				WATCHOS_DEPLOYMENT_TARGET = 10.4;
			};
			name = Release;
		};
		74B986B32BBACC540072E8F1 /* Debug */ = {
			isa = XCBuildConfiguration;
			buildSettings = {
				ALWAYS_EMBED_SWIFT_STANDARD_LIBRARIES = YES;
				CODE_SIGN_STYLE = Automatic;
				CURRENT_PROJECT_VERSION = 1;
				DEVELOPMENT_TEAM = 56787CM63P;
				GENERATE_INFOPLIST_FILE = YES;
				MARKETING_VERSION = 1.0;
				PRODUCT_BUNDLE_IDENTIFIER = "com.tosh7.WhitePanda-Watch-AppUITests";
				PRODUCT_NAME = "$(TARGET_NAME)";
				SDKROOT = watchos;
				SWIFT_EMIT_LOC_STRINGS = NO;
				SWIFT_VERSION = 5.0;
				TARGETED_DEVICE_FAMILY = 4;
				TEST_TARGET_NAME = "WhitePanda Watch App";
				WATCHOS_DEPLOYMENT_TARGET = 10.4;
			};
			name = Debug;
		};
		74B986B42BBACC540072E8F1 /* Release */ = {
			isa = XCBuildConfiguration;
			buildSettings = {
				ALWAYS_EMBED_SWIFT_STANDARD_LIBRARIES = YES;
				CODE_SIGN_STYLE = Automatic;
				CURRENT_PROJECT_VERSION = 1;
				DEVELOPMENT_TEAM = 56787CM63P;
				GENERATE_INFOPLIST_FILE = YES;
				MARKETING_VERSION = 1.0;
				PRODUCT_BUNDLE_IDENTIFIER = "com.tosh7.WhitePanda-Watch-AppUITests";
				PRODUCT_NAME = "$(TARGET_NAME)";
				SDKROOT = watchos;
				SWIFT_EMIT_LOC_STRINGS = NO;
				SWIFT_VERSION = 5.0;
				TARGETED_DEVICE_FAMILY = 4;
				TEST_TARGET_NAME = "WhitePanda Watch App";
				VALIDATE_PRODUCT = YES;
				WATCHOS_DEPLOYMENT_TARGET = 10.4;
			};
			name = Release;
		};
/* End XCBuildConfiguration section */

/* Begin XCConfigurationList section */
		74B986512BBACC510072E8F1 /* Build configuration list for PBXProject "WhitePanda" */ = {
			isa = XCConfigurationList;
			buildConfigurations = (
				74B986A02BBACC540072E8F1 /* Debug */,
				74B986A12BBACC540072E8F1 /* Release */,
			);
			defaultConfigurationIsVisible = 0;
			defaultConfigurationName = Release;
		};
		74B986A22BBACC540072E8F1 /* Build configuration list for PBXNativeTarget "WhitePanda Watch App" */ = {
			isa = XCConfigurationList;
			buildConfigurations = (
				74B986A32BBACC540072E8F1 /* Debug */,
				74B986A42BBACC540072E8F1 /* Release */,
			);
			defaultConfigurationIsVisible = 0;
			defaultConfigurationName = Release;
		};
		74B986A62BBACC540072E8F1 /* Build configuration list for PBXNativeTarget "WhitePanda" */ = {
			isa = XCConfigurationList;
			buildConfigurations = (
				74B986A72BBACC540072E8F1 /* Debug */,
				74B986A82BBACC540072E8F1 /* Release */,
			);
			defaultConfigurationIsVisible = 0;
			defaultConfigurationName = Release;
		};
		74B986A92BBACC540072E8F1 /* Build configuration list for PBXNativeTarget "WhitePandaTests" */ = {
			isa = XCConfigurationList;
			buildConfigurations = (
				74B986AA2BBACC540072E8F1 /* Debug */,
				74B986AB2BBACC540072E8F1 /* Release */,
			);
			defaultConfigurationIsVisible = 0;
			defaultConfigurationName = Release;
		};
		74B986AC2BBACC540072E8F1 /* Build configuration list for PBXNativeTarget "WhitePandaUITests" */ = {
			isa = XCConfigurationList;
			buildConfigurations = (
				74B986AD2BBACC540072E8F1 /* Debug */,
				74B986AE2BBACC540072E8F1 /* Release */,
			);
			defaultConfigurationIsVisible = 0;
			defaultConfigurationName = Release;
		};
		74B986AF2BBACC540072E8F1 /* Build configuration list for PBXNativeTarget "WhitePanda Watch AppTests" */ = {
			isa = XCConfigurationList;
			buildConfigurations = (
				74B986B02BBACC540072E8F1 /* Debug */,
				74B986B12BBACC540072E8F1 /* Release */,
			);
			defaultConfigurationIsVisible = 0;
			defaultConfigurationName = Release;
		};
		74B986B22BBACC540072E8F1 /* Build configuration list for PBXNativeTarget "WhitePanda Watch AppUITests" */ = {
			isa = XCConfigurationList;
			buildConfigurations = (
				74B986B32BBACC540072E8F1 /* Debug */,
				74B986B42BBACC540072E8F1 /* Release */,
			);
			defaultConfigurationIsVisible = 0;
			defaultConfigurationName = Release;
		};
/* End XCConfigurationList section */

/* Begin XCRemoteSwiftPackageReference section */
		74B986B52BBAD12C0072E8F1 /* XCRemoteSwiftPackageReference "swift-composable-architecture" */ = {
			isa = XCRemoteSwiftPackageReference;
			repositoryURL = "https://github.com/pointfreeco/swift-composable-architecture";
			requirement = {
				kind = upToNextMajorVersion;
				minimumVersion = 1.9.2;
			};
		};
/* End XCRemoteSwiftPackageReference section */

/* Begin XCSwiftPackageProductDependency section */
		7481502E2BBAE61000C2EDB5 /* ComposableArchitecture */ = {
			isa = XCSwiftPackageProductDependency;
			package = 74B986B52BBAD12C0072E8F1 /* XCRemoteSwiftPackageReference "swift-composable-architecture" */;
			productName = ComposableArchitecture;
		};
		74B986B62BBAD12C0072E8F1 /* ComposableArchitecture */ = {
			isa = XCSwiftPackageProductDependency;
			package = 74B986B52BBAD12C0072E8F1 /* XCRemoteSwiftPackageReference "swift-composable-architecture" */;
			productName = ComposableArchitecture;
		};
/* End XCSwiftPackageProductDependency section */
	};
	rootObject = 74B9864E2BBACC510072E8F1 /* Project object */;
}
