// !$*UTF8*$!
{
	archiveVersion = 1;
	classes = {
	};
	objectVersion = 56;
	objects = {

/* Begin PBXBuildFile section */
		74B143752BBAC97400D81E09 /* WhitePandaApp.swift in Sources */ = {isa = PBXBuildFile; fileRef = 74B143742BBAC97400D81E09 /* WhitePandaApp.swift */; };
		74B143772BBAC97400D81E09 /* ContentView.swift in Sources */ = {isa = PBXBuildFile; fileRef = 74B143762BBAC97400D81E09 /* ContentView.swift */; };
		74B143792BBAC97700D81E09 /* Assets.xcassets in Resources */ = {isa = PBXBuildFile; fileRef = 74B143782BBAC97700D81E09 /* Assets.xcassets */; };
		74B1437D2BBAC97700D81E09 /* Preview Assets.xcassets in Resources */ = {isa = PBXBuildFile; fileRef = 74B1437C2BBAC97700D81E09 /* Preview Assets.xcassets */; };
		74B143872BBAC97700D81E09 /* WhitePandaTests.swift in Sources */ = {isa = PBXBuildFile; fileRef = 74B143862BBAC97700D81E09 /* WhitePandaTests.swift */; };
		74B143912BBAC97700D81E09 /* WhitePandaUITests.swift in Sources */ = {isa = PBXBuildFile; fileRef = 74B143902BBAC97700D81E09 /* WhitePandaUITests.swift */; };
		74B143932BBAC97700D81E09 /* WhitePandaUITestsLaunchTests.swift in Sources */ = {isa = PBXBuildFile; fileRef = 74B143922BBAC97700D81E09 /* WhitePandaUITestsLaunchTests.swift */; };
/* End PBXBuildFile section */

/* Begin PBXContainerItemProxy section */
		74B143832BBAC97700D81E09 /* PBXContainerItemProxy */ = {
			isa = PBXContainerItemProxy;
			containerPortal = 74B143692BBAC97400D81E09 /* Project object */;
			proxyType = 1;
			remoteGlobalIDString = 74B143702BBAC97400D81E09;
			remoteInfo = WhitePanda;
		};
		74B1438D2BBAC97700D81E09 /* PBXContainerItemProxy */ = {
			isa = PBXContainerItemProxy;
			containerPortal = 74B143692BBAC97400D81E09 /* Project object */;
			proxyType = 1;
			remoteGlobalIDString = 74B143702BBAC97400D81E09;
			remoteInfo = WhitePanda;
		};
/* End PBXContainerItemProxy section */

/* Begin PBXFileReference section */
		74B143712BBAC97400D81E09 /* WhitePanda.app */ = {isa = PBXFileReference; explicitFileType = wrapper.application; includeInIndex = 0; path = WhitePanda.app; sourceTree = BUILT_PRODUCTS_DIR; };
		74B143742BBAC97400D81E09 /* WhitePandaApp.swift */ = {isa = PBXFileReference; lastKnownFileType = sourcecode.swift; path = WhitePandaApp.swift; sourceTree = "<group>"; };
		74B143762BBAC97400D81E09 /* ContentView.swift */ = {isa = PBXFileReference; lastKnownFileType = sourcecode.swift; path = ContentView.swift; sourceTree = "<group>"; };
		74B143782BBAC97700D81E09 /* Assets.xcassets */ = {isa = PBXFileReference; lastKnownFileType = folder.assetcatalog; path = Assets.xcassets; sourceTree = "<group>"; };
		74B1437A2BBAC97700D81E09 /* WhitePanda.entitlements */ = {isa = PBXFileReference; lastKnownFileType = text.plist.entitlements; path = WhitePanda.entitlements; sourceTree = "<group>"; };
		74B1437C2BBAC97700D81E09 /* Preview Assets.xcassets */ = {isa = PBXFileReference; lastKnownFileType = folder.assetcatalog; path = "Preview Assets.xcassets"; sourceTree = "<group>"; };
		74B143822BBAC97700D81E09 /* WhitePandaTests.xctest */ = {isa = PBXFileReference; explicitFileType = wrapper.cfbundle; includeInIndex = 0; path = WhitePandaTests.xctest; sourceTree = BUILT_PRODUCTS_DIR; };
		74B143862BBAC97700D81E09 /* WhitePandaTests.swift */ = {isa = PBXFileReference; lastKnownFileType = sourcecode.swift; path = WhitePandaTests.swift; sourceTree = "<group>"; };
		74B1438C2BBAC97700D81E09 /* WhitePandaUITests.xctest */ = {isa = PBXFileReference; explicitFileType = wrapper.cfbundle; includeInIndex = 0; path = WhitePandaUITests.xctest; sourceTree = BUILT_PRODUCTS_DIR; };
		74B143902BBAC97700D81E09 /* WhitePandaUITests.swift */ = {isa = PBXFileReference; lastKnownFileType = sourcecode.swift; path = WhitePandaUITests.swift; sourceTree = "<group>"; };
		74B143922BBAC97700D81E09 /* WhitePandaUITestsLaunchTests.swift */ = {isa = PBXFileReference; lastKnownFileType = sourcecode.swift; path = WhitePandaUITestsLaunchTests.swift; sourceTree = "<group>"; };
/* End PBXFileReference section */

/* Begin PBXFrameworksBuildPhase section */
		74B1436E2BBAC97400D81E09 /* Frameworks */ = {
			isa = PBXFrameworksBuildPhase;
			buildActionMask = 2147483647;
			files = (
			);
			runOnlyForDeploymentPostprocessing = 0;
		};
		74B1437F2BBAC97700D81E09 /* Frameworks */ = {
			isa = PBXFrameworksBuildPhase;
			buildActionMask = 2147483647;
			files = (
			);
			runOnlyForDeploymentPostprocessing = 0;
		};
		74B143892BBAC97700D81E09 /* Frameworks */ = {
			isa = PBXFrameworksBuildPhase;
			buildActionMask = 2147483647;
			files = (
			);
			runOnlyForDeploymentPostprocessing = 0;
		};
/* End PBXFrameworksBuildPhase section */

/* Begin PBXGroup section */
		74B143682BBAC97400D81E09 = {
			isa = PBXGroup;
			children = (
				74B143732BBAC97400D81E09 /* WhitePanda */,
				74B143852BBAC97700D81E09 /* WhitePandaTests */,
				74B1438F2BBAC97700D81E09 /* WhitePandaUITests */,
				74B143722BBAC97400D81E09 /* Products */,
			);
			sourceTree = "<group>";
		};
		74B143722BBAC97400D81E09 /* Products */ = {
			isa = PBXGroup;
			children = (
				74B143712BBAC97400D81E09 /* WhitePanda.app */,
				74B143822BBAC97700D81E09 /* WhitePandaTests.xctest */,
				74B1438C2BBAC97700D81E09 /* WhitePandaUITests.xctest */,
			);
			name = Products;
			sourceTree = "<group>";
		};
		74B143732BBAC97400D81E09 /* WhitePanda */ = {
			isa = PBXGroup;
			children = (
				74B143742BBAC97400D81E09 /* WhitePandaApp.swift */,
				74B143762BBAC97400D81E09 /* ContentView.swift */,
				74B143782BBAC97700D81E09 /* Assets.xcassets */,
				74B1437A2BBAC97700D81E09 /* WhitePanda.entitlements */,
				74B1437B2BBAC97700D81E09 /* Preview Content */,
			);
			path = WhitePanda;
			sourceTree = "<group>";
		};
		74B1437B2BBAC97700D81E09 /* Preview Content */ = {
			isa = PBXGroup;
			children = (
				74B1437C2BBAC97700D81E09 /* Preview Assets.xcassets */,
			);
			path = "Preview Content";
			sourceTree = "<group>";
		};
		74B143852BBAC97700D81E09 /* WhitePandaTests */ = {
			isa = PBXGroup;
			children = (
				74B143862BBAC97700D81E09 /* WhitePandaTests.swift */,
			);
			path = WhitePandaTests;
			sourceTree = "<group>";
		};
		74B1438F2BBAC97700D81E09 /* WhitePandaUITests */ = {
			isa = PBXGroup;
			children = (
				74B143902BBAC97700D81E09 /* WhitePandaUITests.swift */,
				74B143922BBAC97700D81E09 /* WhitePandaUITestsLaunchTests.swift */,
			);
			path = WhitePandaUITests;
			sourceTree = "<group>";
		};
/* End PBXGroup section */

/* Begin PBXNativeTarget section */
		74B143702BBAC97400D81E09 /* WhitePanda */ = {
			isa = PBXNativeTarget;
			buildConfigurationList = 74B143962BBAC97700D81E09 /* Build configuration list for PBXNativeTarget "WhitePanda" */;
			buildPhases = (
				74B1436D2BBAC97400D81E09 /* Sources */,
				74B1436E2BBAC97400D81E09 /* Frameworks */,
				74B1436F2BBAC97400D81E09 /* Resources */,
			);
			buildRules = (
			);
			dependencies = (
			);
			name = WhitePanda;
			productName = WhitePanda;
			productReference = 74B143712BBAC97400D81E09 /* WhitePanda.app */;
			productType = "com.apple.product-type.application";
		};
		74B143812BBAC97700D81E09 /* WhitePandaTests */ = {
			isa = PBXNativeTarget;
			buildConfigurationList = 74B143992BBAC97700D81E09 /* Build configuration list for PBXNativeTarget "WhitePandaTests" */;
			buildPhases = (
				74B1437E2BBAC97700D81E09 /* Sources */,
				74B1437F2BBAC97700D81E09 /* Frameworks */,
				74B143802BBAC97700D81E09 /* Resources */,
			);
			buildRules = (
			);
			dependencies = (
				74B143842BBAC97700D81E09 /* PBXTargetDependency */,
			);
			name = WhitePandaTests;
			productName = WhitePandaTests;
			productReference = 74B143822BBAC97700D81E09 /* WhitePandaTests.xctest */;
			productType = "com.apple.product-type.bundle.unit-test";
		};
		74B1438B2BBAC97700D81E09 /* WhitePandaUITests */ = {
			isa = PBXNativeTarget;
			buildConfigurationList = 74B1439C2BBAC97700D81E09 /* Build configuration list for PBXNativeTarget "WhitePandaUITests" */;
			buildPhases = (
				74B143882BBAC97700D81E09 /* Sources */,
				74B143892BBAC97700D81E09 /* Frameworks */,
				74B1438A2BBAC97700D81E09 /* Resources */,
			);
			buildRules = (
			);
			dependencies = (
				74B1438E2BBAC97700D81E09 /* PBXTargetDependency */,
			);
			name = WhitePandaUITests;
			productName = WhitePandaUITests;
			productReference = 74B1438C2BBAC97700D81E09 /* WhitePandaUITests.xctest */;
			productType = "com.apple.product-type.bundle.ui-testing";
		};
/* End PBXNativeTarget section */

/* Begin PBXProject section */
		74B143692BBAC97400D81E09 /* Project object */ = {
			isa = PBXProject;
			attributes = {
				BuildIndependentTargetsInParallel = 1;
				LastSwiftUpdateCheck = 1530;
				LastUpgradeCheck = 1530;
				TargetAttributes = {
					74B143702BBAC97400D81E09 = {
						CreatedOnToolsVersion = 15.3;
					};
					74B143812BBAC97700D81E09 = {
						CreatedOnToolsVersion = 15.3;
						TestTargetID = 74B143702BBAC97400D81E09;
					};
					74B1438B2BBAC97700D81E09 = {
						CreatedOnToolsVersion = 15.3;
						TestTargetID = 74B143702BBAC97400D81E09;
					};
				};
			};
			buildConfigurationList = 74B1436C2BBAC97400D81E09 /* Build configuration list for PBXProject "WhitePanda" */;
			compatibilityVersion = "Xcode 14.0";
			developmentRegion = en;
			hasScannedForEncodings = 0;
			knownRegions = (
				en,
				Base,
			);
			mainGroup = 74B143682BBAC97400D81E09;
			productRefGroup = 74B143722BBAC97400D81E09 /* Products */;
			projectDirPath = "";
			projectRoot = "";
			targets = (
				74B143702BBAC97400D81E09 /* WhitePanda */,
				74B143812BBAC97700D81E09 /* WhitePandaTests */,
				74B1438B2BBAC97700D81E09 /* WhitePandaUITests */,
			);
		};
/* End PBXProject section */

/* Begin PBXResourcesBuildPhase section */
		74B1436F2BBAC97400D81E09 /* Resources */ = {
			isa = PBXResourcesBuildPhase;
			buildActionMask = 2147483647;
			files = (
				74B1437D2BBAC97700D81E09 /* Preview Assets.xcassets in Resources */,
				74B143792BBAC97700D81E09 /* Assets.xcassets in Resources */,
			);
			runOnlyForDeploymentPostprocessing = 0;
		};
		74B143802BBAC97700D81E09 /* Resources */ = {
			isa = PBXResourcesBuildPhase;
			buildActionMask = 2147483647;
			files = (
			);
			runOnlyForDeploymentPostprocessing = 0;
		};
		74B1438A2BBAC97700D81E09 /* Resources */ = {
			isa = PBXResourcesBuildPhase;
			buildActionMask = 2147483647;
			files = (
			);
			runOnlyForDeploymentPostprocessing = 0;
		};
/* End PBXResourcesBuildPhase section */

/* Begin PBXSourcesBuildPhase section */
		74B1436D2BBAC97400D81E09 /* Sources */ = {
			isa = PBXSourcesBuildPhase;
			buildActionMask = 2147483647;
			files = (
				74B143772BBAC97400D81E09 /* ContentView.swift in Sources */,
				74B143752BBAC97400D81E09 /* WhitePandaApp.swift in Sources */,
			);
			runOnlyForDeploymentPostprocessing = 0;
		};
		74B1437E2BBAC97700D81E09 /* Sources */ = {
			isa = PBXSourcesBuildPhase;
			buildActionMask = 2147483647;
			files = (
				74B143872BBAC97700D81E09 /* WhitePandaTests.swift in Sources */,
			);
			runOnlyForDeploymentPostprocessing = 0;
		};
		74B143882BBAC97700D81E09 /* Sources */ = {
			isa = PBXSourcesBuildPhase;
			buildActionMask = 2147483647;
			files = (
				74B143912BBAC97700D81E09 /* WhitePandaUITests.swift in Sources */,
				74B143932BBAC97700D81E09 /* WhitePandaUITestsLaunchTests.swift in Sources */,
			);
			runOnlyForDeploymentPostprocessing = 0;
		};
/* End PBXSourcesBuildPhase section */

/* Begin PBXTargetDependency section */
		74B143842BBAC97700D81E09 /* PBXTargetDependency */ = {
			isa = PBXTargetDependency;
			target = 74B143702BBAC97400D81E09 /* WhitePanda */;
			targetProxy = 74B143832BBAC97700D81E09 /* PBXContainerItemProxy */;
		};
		74B1438E2BBAC97700D81E09 /* PBXTargetDependency */ = {
			isa = PBXTargetDependency;
			target = 74B143702BBAC97400D81E09 /* WhitePanda */;
			targetProxy = 74B1438D2BBAC97700D81E09 /* PBXContainerItemProxy */;
		};
/* End PBXTargetDependency section */

/* Begin XCBuildConfiguration section */
		74B143942BBAC97700D81E09 /* Debug */ = {
			isa = XCBuildConfiguration;
			buildSettings = {
				ALWAYS_SEARCH_USER_PATHS = NO;
				ASSETCATALOG_COMPILER_GENERATE_SWIFT_ASSET_SYMBOL_EXTENSIONS = YES;
				CLANG_ANALYZER_NONNULL = YES;
				CLANG_ANALYZER_NUMBER_OBJECT_CONVERSION = YES_AGGRESSIVE;
				CLANG_CXX_LANGUAGE_STANDARD = "gnu++20";
				CLANG_ENABLE_MODULES = YES;
				CLANG_ENABLE_OBJC_ARC = YES;
				CLANG_ENABLE_OBJC_WEAK = YES;
				CLANG_WARN_BLOCK_CAPTURE_AUTORELEASING = YES;
				CLANG_WARN_BOOL_CONVERSION = YES;
				CLANG_WARN_COMMA = YES;
				CLANG_WARN_CONSTANT_CONVERSION = YES;
				CLANG_WARN_DEPRECATED_OBJC_IMPLEMENTATIONS = YES;
				CLANG_WARN_DIRECT_OBJC_ISA_USAGE = YES_ERROR;
				CLANG_WARN_DOCUMENTATION_COMMENTS = YES;
				CLANG_WARN_EMPTY_BODY = YES;
				CLANG_WARN_ENUM_CONVERSION = YES;
				CLANG_WARN_INFINITE_RECURSION = YES;
				CLANG_WARN_INT_CONVERSION = YES;
				CLANG_WARN_NON_LITERAL_NULL_CONVERSION = YES;
				CLANG_WARN_OBJC_IMPLICIT_RETAIN_SELF = YES;
				CLANG_WARN_OBJC_LITERAL_CONVERSION = YES;
				CLANG_WARN_OBJC_ROOT_CLASS = YES_ERROR;
				CLANG_WARN_QUOTED_INCLUDE_IN_FRAMEWORK_HEADER = YES;
				CLANG_WARN_RANGE_LOOP_ANALYSIS = YES;
				CLANG_WARN_STRICT_PROTOTYPES = YES;
				CLANG_WARN_SUSPICIOUS_MOVE = YES;
				CLANG_WARN_UNGUARDED_AVAILABILITY = YES_AGGRESSIVE;
				CLANG_WARN_UNREACHABLE_CODE = YES;
				CLANG_WARN__DUPLICATE_METHOD_MATCH = YES;
				COPY_PHASE_STRIP = NO;
				DEBUG_INFORMATION_FORMAT = dwarf;
				ENABLE_STRICT_OBJC_MSGSEND = YES;
				ENABLE_TESTABILITY = YES;
				ENABLE_USER_SCRIPT_SANDBOXING = YES;
				GCC_C_LANGUAGE_STANDARD = gnu17;
				GCC_DYNAMIC_NO_PIC = NO;
				GCC_NO_COMMON_BLOCKS = YES;
				GCC_OPTIMIZATION_LEVEL = 0;
				GCC_PREPROCESSOR_DEFINITIONS = (
					"DEBUG=1",
					"$(inherited)",
				);
				GCC_WARN_64_TO_32_BIT_CONVERSION = YES;
				GCC_WARN_ABOUT_RETURN_TYPE = YES_ERROR;
				GCC_WARN_UNDECLARED_SELECTOR = YES;
				GCC_WARN_UNINITIALIZED_AUTOS = YES_AGGRESSIVE;
				GCC_WARN_UNUSED_FUNCTION = YES;
				GCC_WARN_UNUSED_VARIABLE = YES;
				LOCALIZATION_PREFERS_STRING_CATALOGS = YES;
				MTL_ENABLE_DEBUG_INFO = INCLUDE_SOURCE;
				MTL_FAST_MATH = YES;
				ONLY_ACTIVE_ARCH = YES;
				SWIFT_ACTIVE_COMPILATION_CONDITIONS = "DEBUG $(inherited)";
				SWIFT_OPTIMIZATION_LEVEL = "-Onone";
			};
			name = Debug;
		};
		74B143952BBAC97700D81E09 /* Release */ = {
			isa = XCBuildConfiguration;
			buildSettings = {
				ALWAYS_SEARCH_USER_PATHS = NO;
				ASSETCATALOG_COMPILER_GENERATE_SWIFT_ASSET_SYMBOL_EXTENSIONS = YES;
				CLANG_ANALYZER_NONNULL = YES;
				CLANG_ANALYZER_NUMBER_OBJECT_CONVERSION = YES_AGGRESSIVE;
				CLANG_CXX_LANGUAGE_STANDARD = "gnu++20";
				CLANG_ENABLE_MODULES = YES;
				CLANG_ENABLE_OBJC_ARC = YES;
				CLANG_ENABLE_OBJC_WEAK = YES;
				CLANG_WARN_BLOCK_CAPTURE_AUTORELEASING = YES;
				CLANG_WARN_BOOL_CONVERSION = YES;
				CLANG_WARN_COMMA = YES;
				CLANG_WARN_CONSTANT_CONVERSION = YES;
				CLANG_WARN_DEPRECATED_OBJC_IMPLEMENTATIONS = YES;
				CLANG_WARN_DIRECT_OBJC_ISA_USAGE = YES_ERROR;
				CLANG_WARN_DOCUMENTATION_COMMENTS = YES;
				CLANG_WARN_EMPTY_BODY = YES;
				CLANG_WARN_ENUM_CONVERSION = YES;
				CLANG_WARN_INFINITE_RECURSION = YES;
				CLANG_WARN_INT_CONVERSION = YES;
				CLANG_WARN_NON_LITERAL_NULL_CONVERSION = YES;
				CLANG_WARN_OBJC_IMPLICIT_RETAIN_SELF = YES;
				CLANG_WARN_OBJC_LITERAL_CONVERSION = YES;
				CLANG_WARN_OBJC_ROOT_CLASS = YES_ERROR;
				CLANG_WARN_QUOTED_INCLUDE_IN_FRAMEWORK_HEADER = YES;
				CLANG_WARN_RANGE_LOOP_ANALYSIS = YES;
				CLANG_WARN_STRICT_PROTOTYPES = YES;
				CLANG_WARN_SUSPICIOUS_MOVE = YES;
				CLANG_WARN_UNGUARDED_AVAILABILITY = YES_AGGRESSIVE;
				CLANG_WARN_UNREACHABLE_CODE = YES;
				CLANG_WARN__DUPLICATE_METHOD_MATCH = YES;
				COPY_PHASE_STRIP = NO;
				DEBUG_INFORMATION_FORMAT = "dwarf-with-dsym";
				ENABLE_NS_ASSERTIONS = NO;
				ENABLE_STRICT_OBJC_MSGSEND = YES;
				ENABLE_USER_SCRIPT_SANDBOXING = YES;
				GCC_C_LANGUAGE_STANDARD = gnu17;
				GCC_NO_COMMON_BLOCKS = YES;
				GCC_WARN_64_TO_32_BIT_CONVERSION = YES;
				GCC_WARN_ABOUT_RETURN_TYPE = YES_ERROR;
				GCC_WARN_UNDECLARED_SELECTOR = YES;
				GCC_WARN_UNINITIALIZED_AUTOS = YES_AGGRESSIVE;
				GCC_WARN_UNUSED_FUNCTION = YES;
				GCC_WARN_UNUSED_VARIABLE = YES;
				LOCALIZATION_PREFERS_STRING_CATALOGS = YES;
				MTL_ENABLE_DEBUG_INFO = NO;
				MTL_FAST_MATH = YES;
				SWIFT_COMPILATION_MODE = wholemodule;
			};
			name = Release;
		};
		74B143972BBAC97700D81E09 /* Debug */ = {
			isa = XCBuildConfiguration;
			buildSettings = {
				ASSETCATALOG_COMPILER_APPICON_NAME = AppIcon;
				ASSETCATALOG_COMPILER_GLOBAL_ACCENT_COLOR_NAME = AccentColor;
				CODE_SIGN_ENTITLEMENTS = WhitePanda/WhitePanda.entitlements;
				CODE_SIGN_STYLE = Automatic;
				CURRENT_PROJECT_VERSION = 1;
				DEVELOPMENT_ASSET_PATHS = "\"WhitePanda/Preview Content\"";
				DEVELOPMENT_TEAM = 56787CM63P;
				ENABLE_HARDENED_RUNTIME = YES;
				ENABLE_PREVIEWS = YES;
				GENERATE_INFOPLIST_FILE = YES;
				"INFOPLIST_KEY_UIApplicationSceneManifest_Generation[sdk=iphoneos*]" = YES;
				"INFOPLIST_KEY_UIApplicationSceneManifest_Generation[sdk=iphonesimulator*]" = YES;
				"INFOPLIST_KEY_UIApplicationSupportsIndirectInputEvents[sdk=iphoneos*]" = YES;
				"INFOPLIST_KEY_UIApplicationSupportsIndirectInputEvents[sdk=iphonesimulator*]" = YES;
				"INFOPLIST_KEY_UILaunchScreen_Generation[sdk=iphoneos*]" = YES;
				"INFOPLIST_KEY_UILaunchScreen_Generation[sdk=iphonesimulator*]" = YES;
				"INFOPLIST_KEY_UIStatusBarStyle[sdk=iphoneos*]" = UIStatusBarStyleDefault;
				"INFOPLIST_KEY_UIStatusBarStyle[sdk=iphonesimulator*]" = UIStatusBarStyleDefault;
				INFOPLIST_KEY_UISupportedInterfaceOrientations_iPad = "UIInterfaceOrientationPortrait UIInterfaceOrientationPortraitUpsideDown UIInterfaceOrientationLandscapeLeft UIInterfaceOrientationLandscapeRight";
				INFOPLIST_KEY_UISupportedInterfaceOrientations_iPhone = "UIInterfaceOrientationPortrait UIInterfaceOrientationLandscapeLeft UIInterfaceOrientationLandscapeRight";
				IPHONEOS_DEPLOYMENT_TARGET = 17.4;
				LD_RUNPATH_SEARCH_PATHS = "@executable_path/Frameworks";
				"LD_RUNPATH_SEARCH_PATHS[sdk=macosx*]" = "@executable_path/../Frameworks";
				MACOSX_DEPLOYMENT_TARGET = 14.4;
				MARKETING_VERSION = 1.0;
				PRODUCT_BUNDLE_IDENTIFIER = com.tosh7.WhitePanda;
				PRODUCT_NAME = "$(TARGET_NAME)";
				SDKROOT = auto;
				SUPPORTED_PLATFORMS = "iphoneos iphonesimulator macosx";
				SWIFT_EMIT_LOC_STRINGS = YES;
				SWIFT_VERSION = 5.0;
				TARGETED_DEVICE_FAMILY = "1,2";
			};
			name = Debug;
		};
		74B143982BBAC97700D81E09 /* Release */ = {
			isa = XCBuildConfiguration;
			buildSettings = {
				ASSETCATALOG_COMPILER_APPICON_NAME = AppIcon;
				ASSETCATALOG_COMPILER_GLOBAL_ACCENT_COLOR_NAME = AccentColor;
				CODE_SIGN_ENTITLEMENTS = WhitePanda/WhitePanda.entitlements;
				CODE_SIGN_STYLE = Automatic;
				CURRENT_PROJECT_VERSION = 1;
				DEVELOPMENT_ASSET_PATHS = "\"WhitePanda/Preview Content\"";
				DEVELOPMENT_TEAM = 56787CM63P;
				ENABLE_HARDENED_RUNTIME = YES;
				ENABLE_PREVIEWS = YES;
				GENERATE_INFOPLIST_FILE = YES;
				"INFOPLIST_KEY_UIApplicationSceneManifest_Generation[sdk=iphoneos*]" = YES;
				"INFOPLIST_KEY_UIApplicationSceneManifest_Generation[sdk=iphonesimulator*]" = YES;
				"INFOPLIST_KEY_UIApplicationSupportsIndirectInputEvents[sdk=iphoneos*]" = YES;
				"INFOPLIST_KEY_UIApplicationSupportsIndirectInputEvents[sdk=iphonesimulator*]" = YES;
				"INFOPLIST_KEY_UILaunchScreen_Generation[sdk=iphoneos*]" = YES;
				"INFOPLIST_KEY_UILaunchScreen_Generation[sdk=iphonesimulator*]" = YES;
				"INFOPLIST_KEY_UIStatusBarStyle[sdk=iphoneos*]" = UIStatusBarStyleDefault;
				"INFOPLIST_KEY_UIStatusBarStyle[sdk=iphonesimulator*]" = UIStatusBarStyleDefault;
				INFOPLIST_KEY_UISupportedInterfaceOrientations_iPad = "UIInterfaceOrientationPortrait UIInterfaceOrientationPortraitUpsideDown UIInterfaceOrientationLandscapeLeft UIInterfaceOrientationLandscapeRight";
				INFOPLIST_KEY_UISupportedInterfaceOrientations_iPhone = "UIInterfaceOrientationPortrait UIInterfaceOrientationLandscapeLeft UIInterfaceOrientationLandscapeRight";
				IPHONEOS_DEPLOYMENT_TARGET = 17.4;
				LD_RUNPATH_SEARCH_PATHS = "@executable_path/Frameworks";
				"LD_RUNPATH_SEARCH_PATHS[sdk=macosx*]" = "@executable_path/../Frameworks";
				MACOSX_DEPLOYMENT_TARGET = 14.4;
				MARKETING_VERSION = 1.0;
				PRODUCT_BUNDLE_IDENTIFIER = com.tosh7.WhitePanda;
				PRODUCT_NAME = "$(TARGET_NAME)";
				SDKROOT = auto;
				SUPPORTED_PLATFORMS = "iphoneos iphonesimulator macosx";
				SWIFT_EMIT_LOC_STRINGS = YES;
				SWIFT_VERSION = 5.0;
				TARGETED_DEVICE_FAMILY = "1,2";
			};
			name = Release;
		};
		74B1439A2BBAC97700D81E09 /* Debug */ = {
			isa = XCBuildConfiguration;
			buildSettings = {
				ALWAYS_EMBED_SWIFT_STANDARD_LIBRARIES = YES;
				BUNDLE_LOADER = "$(TEST_HOST)";
				CODE_SIGN_STYLE = Automatic;
				CURRENT_PROJECT_VERSION = 1;
				DEVELOPMENT_TEAM = 56787CM63P;
				GENERATE_INFOPLIST_FILE = YES;
				IPHONEOS_DEPLOYMENT_TARGET = 17.4;
				MACOSX_DEPLOYMENT_TARGET = 14.4;
				MARKETING_VERSION = 1.0;
				PRODUCT_BUNDLE_IDENTIFIER = com.tosh7.WhitePandaTests;
				PRODUCT_NAME = "$(TARGET_NAME)";
				SDKROOT = auto;
				SUPPORTED_PLATFORMS = "iphoneos iphonesimulator macosx";
				SWIFT_EMIT_LOC_STRINGS = NO;
				SWIFT_VERSION = 5.0;
				TARGETED_DEVICE_FAMILY = "1,2";
				TEST_HOST = "$(BUILT_PRODUCTS_DIR)/WhitePanda.app/$(BUNDLE_EXECUTABLE_FOLDER_PATH)/WhitePanda";
			};
			name = Debug;
		};
		74B1439B2BBAC97700D81E09 /* Release */ = {
			isa = XCBuildConfiguration;
			buildSettings = {
				ALWAYS_EMBED_SWIFT_STANDARD_LIBRARIES = YES;
				BUNDLE_LOADER = "$(TEST_HOST)";
				CODE_SIGN_STYLE = Automatic;
				CURRENT_PROJECT_VERSION = 1;
				DEVELOPMENT_TEAM = 56787CM63P;
				GENERATE_INFOPLIST_FILE = YES;
				IPHONEOS_DEPLOYMENT_TARGET = 17.4;
				MACOSX_DEPLOYMENT_TARGET = 14.4;
				MARKETING_VERSION = 1.0;
				PRODUCT_BUNDLE_IDENTIFIER = com.tosh7.WhitePandaTests;
				PRODUCT_NAME = "$(TARGET_NAME)";
				SDKROOT = auto;
				SUPPORTED_PLATFORMS = "iphoneos iphonesimulator macosx";
				SWIFT_EMIT_LOC_STRINGS = NO;
				SWIFT_VERSION = 5.0;
				TARGETED_DEVICE_FAMILY = "1,2";
				TEST_HOST = "$(BUILT_PRODUCTS_DIR)/WhitePanda.app/$(BUNDLE_EXECUTABLE_FOLDER_PATH)/WhitePanda";
			};
			name = Release;
		};
		74B1439D2BBAC97700D81E09 /* Debug */ = {
			isa = XCBuildConfiguration;
			buildSettings = {
				ALWAYS_EMBED_SWIFT_STANDARD_LIBRARIES = YES;
				CODE_SIGN_STYLE = Automatic;
				CURRENT_PROJECT_VERSION = 1;
				DEVELOPMENT_TEAM = 56787CM63P;
				GENERATE_INFOPLIST_FILE = YES;
				IPHONEOS_DEPLOYMENT_TARGET = 17.4;
				MACOSX_DEPLOYMENT_TARGET = 14.4;
				MARKETING_VERSION = 1.0;
				PRODUCT_BUNDLE_IDENTIFIER = com.tosh7.WhitePandaUITests;
				PRODUCT_NAME = "$(TARGET_NAME)";
				SDKROOT = auto;
				SUPPORTED_PLATFORMS = "iphoneos iphonesimulator macosx";
				SWIFT_EMIT_LOC_STRINGS = NO;
				SWIFT_VERSION = 5.0;
				TARGETED_DEVICE_FAMILY = "1,2";
				TEST_TARGET_NAME = WhitePanda;
			};
			name = Debug;
		};
		74B1439E2BBAC97700D81E09 /* Release */ = {
			isa = XCBuildConfiguration;
			buildSettings = {
				ALWAYS_EMBED_SWIFT_STANDARD_LIBRARIES = YES;
				CODE_SIGN_STYLE = Automatic;
				CURRENT_PROJECT_VERSION = 1;
				DEVELOPMENT_TEAM = 56787CM63P;
				GENERATE_INFOPLIST_FILE = YES;
				IPHONEOS_DEPLOYMENT_TARGET = 17.4;
				MACOSX_DEPLOYMENT_TARGET = 14.4;
				MARKETING_VERSION = 1.0;
				PRODUCT_BUNDLE_IDENTIFIER = com.tosh7.WhitePandaUITests;
				PRODUCT_NAME = "$(TARGET_NAME)";
				SDKROOT = auto;
				SUPPORTED_PLATFORMS = "iphoneos iphonesimulator macosx";
				SWIFT_EMIT_LOC_STRINGS = NO;
				SWIFT_VERSION = 5.0;
				TARGETED_DEVICE_FAMILY = "1,2";
				TEST_TARGET_NAME = WhitePanda;
			};
			name = Release;
		};
/* End XCBuildConfiguration section */

/* Begin XCConfigurationList section */
		74B1436C2BBAC97400D81E09 /* Build configuration list for PBXProject "WhitePanda" */ = {
			isa = XCConfigurationList;
			buildConfigurations = (
				74B143942BBAC97700D81E09 /* Debug */,
				74B143952BBAC97700D81E09 /* Release */,
			);
			defaultConfigurationIsVisible = 0;
			defaultConfigurationName = Release;
		};
		74B143962BBAC97700D81E09 /* Build configuration list for PBXNativeTarget "WhitePanda" */ = {
			isa = XCConfigurationList;
			buildConfigurations = (
				74B143972BBAC97700D81E09 /* Debug */,
				74B143982BBAC97700D81E09 /* Release */,
			);
			defaultConfigurationIsVisible = 0;
			defaultConfigurationName = Release;
		};
		74B143992BBAC97700D81E09 /* Build configuration list for PBXNativeTarget "WhitePandaTests" */ = {
			isa = XCConfigurationList;
			buildConfigurations = (
				74B1439A2BBAC97700D81E09 /* Debug */,
				74B1439B2BBAC97700D81E09 /* Release */,
			);
			defaultConfigurationIsVisible = 0;
			defaultConfigurationName = Release;
		};
		74B1439C2BBAC97700D81E09 /* Build configuration list for PBXNativeTarget "WhitePandaUITests" */ = {
			isa = XCConfigurationList;
			buildConfigurations = (
				74B1439D2BBAC97700D81E09 /* Debug */,
				74B1439E2BBAC97700D81E09 /* Release */,
			);
			defaultConfigurationIsVisible = 0;
			defaultConfigurationName = Release;
		};
/* End XCConfigurationList section */
	};
	rootObject = 74B143692BBAC97400D81E09 /* Project object */;
}
